
Microsoft Visual Studio Solution File, Format Version 12.00
# Visual Studio Version 17
VisualStudioVersion = 17.2.32630.192
MinimumVisualStudioVersion = 10.0.40219.1
Project("{FAE04EC0-301F-11D3-BF4B-00C04F79EFBC}") = "LeetCode_Easy", "LeetCode_Easy\LeetCode_Easy.csproj", "{98A4B6DD-887C-41B7-B9D1-0804FAB2B23D}"
EndProject
Global
	GlobalSection(SolutionConfigurationPlatforms) = preSolution
		Debug|Any CPU = Debug|Any CPU
		Release|Any CPU = Release|Any CPU
	EndGlobalSection
	GlobalSection(ProjectConfigurationPlatforms) = postSolution
		{98A4B6DD-887C-41B7-B9D1-0804FAB2B23D}.Debug|Any CPU.ActiveCfg = Debug|Any CPU
		{98A4B6DD-887C-41B7-B9D1-0804FAB2B23D}.Debug|Any CPU.Build.0 = Debug|Any CPU
		{98A4B6DD-887C-41B7-B9D1-0804FAB2B23D}.Release|Any CPU.ActiveCfg = Release|Any CPU
		{98A4B6DD-887C-41B7-B9D1-0804FAB2B23D}.Release|Any CPU.Build.0 = Release|Any CPU
	EndGlobalSection
	GlobalSection(SolutionProperties) = preSolution
		HideSolutionNode = FALSE
	EndGlobalSection
	GlobalSection(ExtensibilityGlobals) = postSolution
		SolutionGuid = {31C87BE6-210B-46B2-AEAD-0C75ED5F856A}
	EndGlobalSection
EndGlobal
